
Microsoft Visual Studio Solution File, Format Version 12.00
# Visual Studio 14
VisualStudioVersion = 14.0.24720.0
MinimumVisualStudioVersion = 10.0.40219.1
Project("{FAE04EC0-301F-11D3-BF4B-00C04F79EFBC}") = "MusicTourTraining", "MusicTourTraining\MusicTourTraining.csproj", "{CF1E37DB-A813-4C41-A907-219DBCECE00E}"
EndProject
Project("{2150E333-8FDC-42A3-9474-1A3956D46DE8}") = "PublishScripts", "PublishScripts", "{C59BC175-D22A-404F-9ADD-0A18E0F5E572}"
EndProject
Project("{2150E333-8FDC-42A3-9474-1A3956D46DE8}") = "Scripts", "Scripts", "{D0ECA6B2-1F36-4946-9351-45B6A07C6CE7}"
	ProjectSection(SolutionItems) = preProject
		PublishScripts\Scripts\Deploy-AzureResourceGroup.ps1 = PublishScripts\Scripts\Deploy-AzureResourceGroup.ps1
	EndProjectSection
EndProject
Project("{2150E333-8FDC-42A3-9474-1A3956D46DE8}") = "Templates", "Templates", "{A3532294-27A1-4FCF-A52F-B33717FED358}"
	ProjectSection(SolutionItems) = preProject
		PublishScripts\Templates\MusicTourTraining.json = PublishScripts\Templates\MusicTourTraining.json
		PublishScripts\Templates\MusicTourTraining.param.dev.json = PublishScripts\Templates\MusicTourTraining.param.dev.json
	EndProjectSection
EndProject
Global
	GlobalSection(SolutionConfigurationPlatforms) = preSolution
		Debug|Any CPU = Debug|Any CPU
		Release|Any CPU = Release|Any CPU
	EndGlobalSection
	GlobalSection(ProjectConfigurationPlatforms) = postSolution
		{CF1E37DB-A813-4C41-A907-219DBCECE00E}.Debug|Any CPU.ActiveCfg = Debug|Any CPU
		{CF1E37DB-A813-4C41-A907-219DBCECE00E}.Debug|Any CPU.Build.0 = Debug|Any CPU
		{CF1E37DB-A813-4C41-A907-219DBCECE00E}.Release|Any CPU.ActiveCfg = Release|Any CPU
		{CF1E37DB-A813-4C41-A907-219DBCECE00E}.Release|Any CPU.Build.0 = Release|Any CPU
	EndGlobalSection
	GlobalSection(SolutionProperties) = preSolution
		HideSolutionNode = FALSE
	EndGlobalSection
	GlobalSection(NestedProjects) = preSolution
		{D0ECA6B2-1F36-4946-9351-45B6A07C6CE7} = {C59BC175-D22A-404F-9ADD-0A18E0F5E572}
		{A3532294-27A1-4FCF-A52F-B33717FED358} = {C59BC175-D22A-404F-9ADD-0A18E0F5E572}
	EndGlobalSection
EndGlobal
